
Microsoft Visual Studio Solution File, Format Version 12.00
# Visual Studio Version 17
VisualStudioVersion = 17.9.34902.65
MinimumVisualStudioVersion = 10.0.40219.1
Project("{FAE04EC0-301F-11D3-BF4B-00C04F79EFBC}") = "Calendar.Application", "Calendar.Application\Calendar.Application.csproj", "{DF18BA95-E0AD-45BE-9EE6-9BDAA3CB45C2}"
EndProject
Project("{FAE04EC0-301F-11D3-BF4B-00C04F79EFBC}") = "Calendar.Domain", "Calendar.Domain\Calendar.Domain.csproj", "{DB1B66D4-AC85-4803-A81D-C22F4A7604E9}"
EndProject
Project("{FAE04EC0-301F-11D3-BF4B-00C04F79EFBC}") = "Calendar.Infrastructure", "Calendar.Infrastructure\Calendar.Infrastructure.csproj", "{A3AD262E-A40D-4F74-838B-415D9BE219F3}"
EndProject
Global
	GlobalSection(SolutionConfigurationPlatforms) = preSolution
		Debug|Any CPU = Debug|Any CPU
		Release|Any CPU = Release|Any CPU
	EndGlobalSection
	GlobalSection(ProjectConfigurationPlatforms) = postSolution
		{DF18BA95-E0AD-45BE-9EE6-9BDAA3CB45C2}.Debug|Any CPU.ActiveCfg = Debug|Any CPU
		{DF18BA95-E0AD-45BE-9EE6-9BDAA3CB45C2}.Debug|Any CPU.Build.0 = Debug|Any CPU
		{DF18BA95-E0AD-45BE-9EE6-9BDAA3CB45C2}.Release|Any CPU.ActiveCfg = Release|Any CPU
		{DF18BA95-E0AD-45BE-9EE6-9BDAA3CB45C2}.Release|Any CPU.Build.0 = Release|Any CPU
		{DB1B66D4-AC85-4803-A81D-C22F4A7604E9}.Debug|Any CPU.ActiveCfg = Debug|Any CPU
		{DB1B66D4-AC85-4803-A81D-C22F4A7604E9}.Debug|Any CPU.Build.0 = Debug|Any CPU
		{DB1B66D4-AC85-4803-A81D-C22F4A7604E9}.Release|Any CPU.ActiveCfg = Release|Any CPU
		{DB1B66D4-AC85-4803-A81D-C22F4A7604E9}.Release|Any CPU.Build.0 = Release|Any CPU
		{A3AD262E-A40D-4F74-838B-415D9BE219F3}.Debug|Any CPU.ActiveCfg = Debug|Any CPU
		{A3AD262E-A40D-4F74-838B-415D9BE219F3}.Debug|Any CPU.Build.0 = Debug|Any CPU
		{A3AD262E-A40D-4F74-838B-415D9BE219F3}.Release|Any CPU.ActiveCfg = Release|Any CPU
		{A3AD262E-A40D-4F74-838B-415D9BE219F3}.Release|Any CPU.Build.0 = Release|Any CPU
	EndGlobalSection
	GlobalSection(SolutionProperties) = preSolution
		HideSolutionNode = FALSE
	EndGlobalSection
	GlobalSection(ExtensibilityGlobals) = postSolution
		SolutionGuid = {D7AD4840-E411-42DD-AED6-D488F6149DB3}
	EndGlobalSection
EndGlobal
